Microsoft Visual Studio Solution File, Format Version 11.00
# Visual Studio 2008

Project("{B2B66D8C-B5FE-010C-B4C8-B816E4DB7B38}") = "Space Invaders Assignment", "Assembly-CSharp.csproj", "{0947A986-3FD8-1D3B-AA87-3A9ABA366A7C}"
EndProject
Global
	GlobalSection(SolutionConfigurationPlatforms) = preSolution
		Debug|Any CPU = Debug|Any CPU
		Release|Any CPU = Release|Any CPU
	EndGlobalSection
	GlobalSection(ProjectConfigurationPlatforms) = postSolution
		{0947A986-3FD8-1D3B-AA87-3A9ABA366A7C}.Debug|Any CPU.ActiveCfg = Debug|Any CPU
		{0947A986-3FD8-1D3B-AA87-3A9ABA366A7C}.Debug|Any CPU.Build.0 = Debug|Any CPU
		{0947A986-3FD8-1D3B-AA87-3A9ABA366A7C}.Release|Any CPU.ActiveCfg = Release|Any CPU
		{0947A986-3FD8-1D3B-AA87-3A9ABA366A7C}.Release|Any CPU.Build.0 = Release|Any CPU
	EndGlobalSection
	GlobalSection(SolutionProperties) = preSolution
		HideSolutionNode = FALSE
	EndGlobalSection
	GlobalSection(MonoDevelopProperties) = preSolution
		StartupItem = Assembly-CSharp.csproj
	EndGlobalSection
EndGlobal
